
Microsoft Visual Studio Solution File, Format Version 12.00
# Visual Studio Version 17
VisualStudioVersion = 17.11.35222.181
MinimumVisualStudioVersion = 10.0.40219.1
Project("{FAE04EC0-301F-11D3-BF4B-00C04F79EFBC}") = "Hare and Tortoise v2", "Hare and Tortoise v2\Hare and Tortoise v2.csproj", "{CF858A27-48D4-4801-BC50-061A288DBE4C}"
EndProject
Global
	GlobalSection(SolutionConfigurationPlatforms) = preSolution
		Debug|Any CPU = Debug|Any CPU
		Release|Any CPU = Release|Any CPU
	EndGlobalSection
	GlobalSection(ProjectConfigurationPlatforms) = postSolution
		{CF858A27-48D4-4801-BC50-061A288DBE4C}.Debug|Any CPU.ActiveCfg = Debug|Any CPU
		{CF858A27-48D4-4801-BC50-061A288DBE4C}.Debug|Any CPU.Build.0 = Debug|Any CPU
		{CF858A27-48D4-4801-BC50-061A288DBE4C}.Release|Any CPU.ActiveCfg = Release|Any CPU
		{CF858A27-48D4-4801-BC50-061A288DBE4C}.Release|Any CPU.Build.0 = Release|Any CPU
	EndGlobalSection
	GlobalSection(SolutionProperties) = preSolution
		HideSolutionNode = FALSE
	EndGlobalSection
	GlobalSection(ExtensibilityGlobals) = postSolution
		SolutionGuid = {99F8940B-B8C9-40C4-9BF4-CCC567140678}
	EndGlobalSection
EndGlobal
